
Microsoft Visual Studio Solution File, Format Version 12.00
# Visual Studio Version 16
VisualStudioVersion = 16.0.29613.14
MinimumVisualStudioVersion = 10.0.40219.1
Project("{FAE04EC0-301F-11D3-BF4B-00C04F79EFBC}") = "GamesHub.Android", "GamesHub.Android\GamesHub.Android.csproj", "{1624775A-DBFE-4A5E-A24C-3FB7D63C56D4}"
EndProject
Project("{FAE04EC0-301F-11D3-BF4B-00C04F79EFBC}") = "GamesHub", "GamesHub\GamesHub.csproj", "{12B2EE30-F8B4-495A-8046-2A7843A445D4}"
EndProject
Global
	GlobalSection(SolutionConfigurationPlatforms) = preSolution
		Debug|Any CPU = Debug|Any CPU
		Release|Any CPU = Release|Any CPU
	EndGlobalSection
	GlobalSection(ProjectConfigurationPlatforms) = postSolution
		{1624775A-DBFE-4A5E-A24C-3FB7D63C56D4}.Debug|Any CPU.ActiveCfg = Debug|Any CPU
		{1624775A-DBFE-4A5E-A24C-3FB7D63C56D4}.Debug|Any CPU.Build.0 = Debug|Any CPU
		{1624775A-DBFE-4A5E-A24C-3FB7D63C56D4}.Debug|Any CPU.Deploy.0 = Debug|Any CPU
		{1624775A-DBFE-4A5E-A24C-3FB7D63C56D4}.Release|Any CPU.ActiveCfg = Release|Any CPU
		{1624775A-DBFE-4A5E-A24C-3FB7D63C56D4}.Release|Any CPU.Build.0 = Release|Any CPU
		{1624775A-DBFE-4A5E-A24C-3FB7D63C56D4}.Release|Any CPU.Deploy.0 = Release|Any CPU
		{12B2EE30-F8B4-495A-8046-2A7843A445D4}.Debug|Any CPU.ActiveCfg = Debug|Any CPU
		{12B2EE30-F8B4-495A-8046-2A7843A445D4}.Debug|Any CPU.Build.0 = Debug|Any CPU
		{12B2EE30-F8B4-495A-8046-2A7843A445D4}.Debug|Any CPU.Deploy.0 = Debug|Any CPU
		{12B2EE30-F8B4-495A-8046-2A7843A445D4}.Release|Any CPU.ActiveCfg = Release|Any CPU
		{12B2EE30-F8B4-495A-8046-2A7843A445D4}.Release|Any CPU.Build.0 = Release|Any CPU
		{12B2EE30-F8B4-495A-8046-2A7843A445D4}.Release|Any CPU.Deploy.0 = Release|Any CPU
	EndGlobalSection
	GlobalSection(SolutionProperties) = preSolution
		HideSolutionNode = FALSE
	EndGlobalSection
	GlobalSection(ExtensibilityGlobals) = postSolution
		SolutionGuid = {991D7FF2-DAD6-43F0-AE11-B645138E5EDD}
	EndGlobalSection
EndGlobal
