
Microsoft Visual Studio Solution File, Format Version 12.00
# Visual Studio Version 16
VisualStudioVersion = 16.0.29613.14
MinimumVisualStudioVersion = 10.0.40219.1
Project("{FAE04EC0-301F-11D3-BF4B-00C04F79EFBC}") = "TicTacToe.throwaway.Android", "TicTacToe.throwaway\TicTacToe.throwaway.Android\TicTacToe.throwaway.Android.csproj", "{588CFC25-053D-45E0-A1EC-05723BAAC9DB}"
EndProject
Project("{FAE04EC0-301F-11D3-BF4B-00C04F79EFBC}") = "TicTacToe.throwaway", "TicTacToe.throwaway\TicTacToe.throwaway\TicTacToe.throwaway.csproj", "{094C8588-3742-4F2C-A1C7-55C4EBDD0F0D}"
EndProject
Global
	GlobalSection(SolutionConfigurationPlatforms) = preSolution
		Debug|Any CPU = Debug|Any CPU
		Release|Any CPU = Release|Any CPU
	EndGlobalSection
	GlobalSection(ProjectConfigurationPlatforms) = postSolution
		{588CFC25-053D-45E0-A1EC-05723BAAC9DB}.Debug|Any CPU.ActiveCfg = Debug|Any CPU
		{588CFC25-053D-45E0-A1EC-05723BAAC9DB}.Debug|Any CPU.Build.0 = Debug|Any CPU
		{588CFC25-053D-45E0-A1EC-05723BAAC9DB}.Debug|Any CPU.Deploy.0 = Debug|Any CPU
		{588CFC25-053D-45E0-A1EC-05723BAAC9DB}.Release|Any CPU.ActiveCfg = Release|Any CPU
		{588CFC25-053D-45E0-A1EC-05723BAAC9DB}.Release|Any CPU.Build.0 = Release|Any CPU
		{588CFC25-053D-45E0-A1EC-05723BAAC9DB}.Release|Any CPU.Deploy.0 = Release|Any CPU
		{094C8588-3742-4F2C-A1C7-55C4EBDD0F0D}.Debug|Any CPU.ActiveCfg = Debug|Any CPU
		{094C8588-3742-4F2C-A1C7-55C4EBDD0F0D}.Debug|Any CPU.Build.0 = Debug|Any CPU
		{094C8588-3742-4F2C-A1C7-55C4EBDD0F0D}.Debug|Any CPU.Deploy.0 = Debug|Any CPU
		{094C8588-3742-4F2C-A1C7-55C4EBDD0F0D}.Release|Any CPU.ActiveCfg = Release|Any CPU
		{094C8588-3742-4F2C-A1C7-55C4EBDD0F0D}.Release|Any CPU.Build.0 = Release|Any CPU
		{094C8588-3742-4F2C-A1C7-55C4EBDD0F0D}.Release|Any CPU.Deploy.0 = Release|Any CPU
	EndGlobalSection
	GlobalSection(SolutionProperties) = preSolution
		HideSolutionNode = FALSE
	EndGlobalSection
	GlobalSection(ExtensibilityGlobals) = postSolution
		SolutionGuid = {FB1A0BE5-D022-4598-92E2-4077157F8CB1}
	EndGlobalSection
EndGlobal
